
Microsoft Visual Studio Solution File, Format Version 12.00
# Visual Studio Version 17
VisualStudioVersion = 17.14.36717.8 d17.14
MinimumVisualStudioVersion = 10.0.40219.1
Project("{FAE04EC0-301F-11D3-BF4B-00C04F79EFBC}") = "RevitElementsExporter", "RevitElementsExporter\RevitElementsExporter.csproj", "{AFD0F457-20FF-4A53-BD88-7CF9C1C8DBB7}"
EndProject
Global
	GlobalSection(SolutionConfigurationPlatforms) = preSolution
		Debug|Any CPU = Debug|Any CPU
		Release|Any CPU = Release|Any CPU
	EndGlobalSection
	GlobalSection(ProjectConfigurationPlatforms) = postSolution
		{AFD0F457-20FF-4A53-BD88-7CF9C1C8DBB7}.Debug|Any CPU.ActiveCfg = Debug|Any CPU
		{AFD0F457-20FF-4A53-BD88-7CF9C1C8DBB7}.Debug|Any CPU.Build.0 = Debug|Any CPU
		{AFD0F457-20FF-4A53-BD88-7CF9C1C8DBB7}.Release|Any CPU.ActiveCfg = Release|Any CPU
		{AFD0F457-20FF-4A53-BD88-7CF9C1C8DBB7}.Release|Any CPU.Build.0 = Release|Any CPU
	EndGlobalSection
	GlobalSection(SolutionProperties) = preSolution
		HideSolutionNode = FALSE
	EndGlobalSection
	GlobalSection(ExtensibilityGlobals) = postSolution
		SolutionGuid = {CDE82431-999D-4FB6-A5A4-67C0039F0855}
	EndGlobalSection
EndGlobal
